
Microsoft Visual Studio Solution File, Format Version 12.00
# Visual Studio Version 18
VisualStudioVersion = 18.4.11612.150
MinimumVisualStudioVersion = 10.0.40219.1
Project("{FAE04EC0-301F-11D3-BF4B-00C04F79EFBC}") = "Bahnsteuerung", "Bahnsteuerung\Bahnsteuerung.csproj", "{DE688CBE-5479-4048-8608-E7514B9E4E07}"
EndProject
Project("{FAE04EC0-301F-11D3-BF4B-00C04F79EFBC}") = "Steuerprogramm", "Bahn\Bahn\Steuerprogramm.csproj", "{E40BC4B3-FF1D-4FF4-94A0-E58357A4449B}"
EndProject
Project("{FAE04EC0-301F-11D3-BF4B-00C04F79EFBC}") = "PMqttBroker", "PMqttBroker\PMqttBroker.csproj", "{6F91569E-FBA8-47A3-A189-967203D70010}"
EndProject
Project("{FAE04EC0-301F-11D3-BF4B-00C04F79EFBC}") = "PMqttServer", "PMqttServer\PMqttServer.csproj", "{3C1C53F3-0FFE-4C91-A521-F61828064DC9}"
EndProject
Project("{2150E333-8FDC-42A3-9474-1A3956D46DE8}") = "Projektmappenelemente", "Projektmappenelemente", "{0C53E047-A7F2-4C20-839B-C2B970DE92F2}"
	ProjectSection(SolutionItems) = preProject
		Readme.md = Readme.md
	EndProjectSection
EndProject
Global
	GlobalSection(SolutionConfigurationPlatforms) = preSolution
		Debug|Any CPU = Debug|Any CPU
		Release|Any CPU = Release|Any CPU
	EndGlobalSection
	GlobalSection(ProjectConfigurationPlatforms) = postSolution
		{DE688CBE-5479-4048-8608-E7514B9E4E07}.Debug|Any CPU.ActiveCfg = Debug|Any CPU
		{DE688CBE-5479-4048-8608-E7514B9E4E07}.Debug|Any CPU.Build.0 = Debug|Any CPU
		{DE688CBE-5479-4048-8608-E7514B9E4E07}.Release|Any CPU.ActiveCfg = Release|Any CPU
		{DE688CBE-5479-4048-8608-E7514B9E4E07}.Release|Any CPU.Build.0 = Release|Any CPU
		{E40BC4B3-FF1D-4FF4-94A0-E58357A4449B}.Debug|Any CPU.ActiveCfg = Debug|Any CPU
		{E40BC4B3-FF1D-4FF4-94A0-E58357A4449B}.Debug|Any CPU.Build.0 = Debug|Any CPU
		{E40BC4B3-FF1D-4FF4-94A0-E58357A4449B}.Release|Any CPU.ActiveCfg = Release|Any CPU
		{E40BC4B3-FF1D-4FF4-94A0-E58357A4449B}.Release|Any CPU.Build.0 = Release|Any CPU
		{6F91569E-FBA8-47A3-A189-967203D70010}.Debug|Any CPU.ActiveCfg = Debug|Any CPU
		{6F91569E-FBA8-47A3-A189-967203D70010}.Debug|Any CPU.Build.0 = Debug|Any CPU
		{6F91569E-FBA8-47A3-A189-967203D70010}.Release|Any CPU.ActiveCfg = Release|Any CPU
		{6F91569E-FBA8-47A3-A189-967203D70010}.Release|Any CPU.Build.0 = Release|Any CPU
		{3C1C53F3-0FFE-4C91-A521-F61828064DC9}.Debug|Any CPU.ActiveCfg = Debug|Any CPU
		{3C1C53F3-0FFE-4C91-A521-F61828064DC9}.Debug|Any CPU.Build.0 = Debug|Any CPU
		{3C1C53F3-0FFE-4C91-A521-F61828064DC9}.Release|Any CPU.ActiveCfg = Release|Any CPU
		{3C1C53F3-0FFE-4C91-A521-F61828064DC9}.Release|Any CPU.Build.0 = Release|Any CPU
	EndGlobalSection
	GlobalSection(SolutionProperties) = preSolution
		HideSolutionNode = FALSE
	EndGlobalSection
	GlobalSection(ExtensibilityGlobals) = postSolution
		SolutionGuid = {4AD994C4-90C5-44A1-A2CD-30036486666A}
	EndGlobalSection
EndGlobal
